{
  "name": "dashkite.com",
  "version": "0.10.2",
  "lockfileVersion": 2,
  "requires": true,
  "packages": {
    "": {
      "name": "dashkite.com",
      "version": "0.10.2",
      "license": "SEE LICENSE IN LICENSE.md",
      "devDependencies": {
        "@dashkite/genie": "file:../genie",
        "@dashkite/genie-presets": "file:../genie-presets",
        "@dashkite/sky-presets": "file:../sky-presets"
      }
    },
    "../genie": {
      "name": "@dashkite/genie",
      "version": "0.5.11",
      "dev": true,
      "license": "SEE LICENSE IN LICENSE.md",
      "dependencies": {
        "@babel/core": "7.16.x",
        "@babel/preset-env": "7.16.x",
        "@dashkite/joy": "^0.3.16",
        "chalk": "4.1.x",
        "coffeescript": "2.6.x",
        "dayjs": "^1.11.1",
        "js-yaml": "^4.1.0",
        "panda-quill": "^5.0.0",
        "source-map-support": "^0.5.21"
      },
      "bin": {
        "genie": "bin/genie"
      },
      "devDependencies": {
        "@dashkite/masonry": "0.12.4",
        "amen": "^3.0.0",
        "babel-plugin-add-import-extension": "^1.6.0",
        "babel-plugin-autocomplete-index": "^0.2.0"
      }
    },
    "../genie-presets": {
      "name": "@dashkite/genie-presets",
      "version": "0.5.7",
      "dev": true,
      "license": "SEE LICENSE IN LICENSE.md",
      "dependencies": {
        "@dashkite/joy": "^0.3.16",
        "@dashkite/masonry": "file:../masonry",
        "@dashkite/mimic": "^0.2.4",
        "@dashkite/writeme": "^0.2.0",
        "ajv": "^8.11.0",
        "chalk": "^4.1.2",
        "coffeescript": "2.6.x",
        "deepmerge": "^4.2.2",
        "execa": "5.x.x",
        "express": "^4.17.1",
        "express-static": "^1.2.6",
        "js-yaml": "^4.1.0",
        "morgan": "^1.10.0",
        "node-fetch": "^2.6.7",
        "sort-package-json": "^1.53.1",
        "svgo": "^2.8.0",
        "svgstore": "^3.0.1"
      },
      "devDependencies": {
        "@babel/core": "7.16.x",
        "@babel/preset-env": "7.16.x",
        "amen": "^3.0.0",
        "babel-plugin-add-import-extension": "^1.6.0"
      }
    },
    "../sky-presets": {
      "name": "@dashkite/sky-presets",
      "version": "0.2.2",
      "dev": true,
      "license": "SEE LICENSE IN LICENSE.md",
      "dependencies": {
        "@dashkite/bake": "^0.0.6",
        "@dashkite/dolores": "file:../dolores",
        "@dashkite/enchant": "file:../enchant",
        "@dashkite/graphene-core": "file:../graphene-core",
        "@dashkite/masonry": "file:../masonry",
        "@dashkite/messages": "file:../messages",
        "@dashkite/runes": "file:../runes",
        "@dashkite/sky-alb": "^0.0.3",
        "@dashkite/sky-api-description": "file:../sky-api-description",
        "@dashkite/template": "^0.0.1",
        "ajv": "^8.11.0",
        "brotli": "^1.3.3",
        "coffee-loader": "^3.0.0",
        "css-loader": "^6.6.0",
        "esbuild": "^0.15.18",
        "glob": "^8.0.3",
        "js-yaml": "^4.1.0",
        "jszip": "^3.10.1",
        "make-fetch-happen": "^9.1.0",
        "mime-types": "^2.1.35",
        "node-fetch": "^2.6.7",
        "panda-confidential": "^3.1.2",
        "prompts": "^2.4.2",
        "pug-loader": "^2.4.0",
        "raw-loader": "^4.0.2",
        "semver": "^7.3.8",
        "source-map-loader": "^4.0.0",
        "sprintf-js": "^1.1.2",
        "stylus-loader": "^6.2.0",
        "webpack": "^5.68.0",
        "yaml-loader": "^0.6.0"
      },
      "devDependencies": {
        "@dashkite/atlas": "file:../atlas",
        "@dashkite/genie": "^0.5.11",
        "@dashkite/genie-presets": "^0.5.7"
      }
    },
    "node_modules/@dashkite/genie": {
      "resolved": "../genie",
      "link": true
    },
    "node_modules/@dashkite/genie-presets": {
      "resolved": "../genie-presets",
      "link": true
    },
    "node_modules/@dashkite/sky-presets": {
      "resolved": "../sky-presets",
      "link": true
    }
  },
  "dependencies": {
    "@dashkite/genie": {
      "version": "file:../genie",
      "requires": {
        "@babel/core": "7.16.x",
        "@babel/preset-env": "7.16.x",
        "@dashkite/joy": "^0.3.16",
        "@dashkite/masonry": "0.12.4",
        "amen": "^3.0.0",
        "babel-plugin-add-import-extension": "^1.6.0",
        "babel-plugin-autocomplete-index": "^0.2.0",
        "chalk": "4.1.x",
        "coffeescript": "2.6.x",
        "dayjs": "^1.11.1",
        "js-yaml": "^4.1.0",
        "panda-quill": "^5.0.0",
        "source-map-support": "^0.5.21"
      }
    },
    "@dashkite/genie-presets": {
      "version": "file:../genie-presets",
      "requires": {
        "@babel/core": "7.16.x",
        "@babel/preset-env": "7.16.x",
        "@dashkite/joy": "^0.3.16",
        "@dashkite/masonry": "file:../masonry",
        "@dashkite/mimic": "^0.2.4",
        "@dashkite/writeme": "^0.2.0",
        "ajv": "^8.11.0",
        "amen": "^3.0.0",
        "babel-plugin-add-import-extension": "^1.6.0",
        "chalk": "^4.1.2",
        "coffeescript": "2.6.x",
        "deepmerge": "^4.2.2",
        "execa": "5.x.x",
        "express": "^4.17.1",
        "express-static": "^1.2.6",
        "js-yaml": "^4.1.0",
        "morgan": "^1.10.0",
        "node-fetch": "^2.6.7",
        "sort-package-json": "^1.53.1",
        "svgo": "^2.8.0",
        "svgstore": "^3.0.1"
      }
    },
    "@dashkite/sky-presets": {
      "version": "file:../sky-presets",
      "requires": {
        "@dashkite/atlas": "file:../atlas",
        "@dashkite/bake": "^0.0.6",
        "@dashkite/dolores": "file:../dolores",
        "@dashkite/enchant": "file:../enchant",
        "@dashkite/genie": "^0.5.11",
        "@dashkite/genie-presets": "^0.5.7",
        "@dashkite/graphene-core": "file:../graphene-core",
        "@dashkite/masonry": "file:../masonry",
        "@dashkite/messages": "file:../messages",
        "@dashkite/runes": "file:../runes",
        "@dashkite/sky-alb": "^0.0.3",
        "@dashkite/sky-api-description": "file:../sky-api-description",
        "@dashkite/template": "^0.0.1",
        "ajv": "^8.11.0",
        "brotli": "^1.3.3",
        "coffee-loader": "^3.0.0",
        "css-loader": "^6.6.0",
        "esbuild": "^0.15.18",
        "glob": "^8.0.3",
        "js-yaml": "^4.1.0",
        "jszip": "^3.10.1",
        "make-fetch-happen": "^9.1.0",
        "mime-types": "^2.1.35",
        "node-fetch": "^2.6.7",
        "panda-confidential": "^3.1.2",
        "prompts": "^2.4.2",
        "pug-loader": "^2.4.0",
        "raw-loader": "^4.0.2",
        "semver": "^7.3.8",
        "source-map-loader": "^4.0.0",
        "sprintf-js": "^1.1.2",
        "stylus-loader": "^6.2.0",
        "webpack": "^5.68.0",
        "yaml-loader": "^0.6.0"
      }
    }
  }
}
